// !$*UTF8*$!
{
	archiveVersion = 1;
	classes = {
	};
	objectVersion = 55;
	objects = {

/* Begin PBXBuildFile section */
		2AE1CA1F190A65CC521DDE7F /* Pods_Transfercalcio_TransfercalcioUITests.framework in Frameworks */ = {isa = PBXBuildFile; fileRef = 5FCD9D96466E249CE70365A9 /* Pods_Transfercalcio_TransfercalcioUITests.framework */; };
		9C909ABEECC541D141FEDF07 /* Pods_TransfercalcioTests.framework in Frameworks */ = {isa = PBXBuildFile; fileRef = A3E94BE359C48E8472A6B1FC /* Pods_TransfercalcioTests.framework */; };
		B58073CC27884CAA00809E72 /* clubProfile.json in Resources */ = {isa = PBXBuildFile; fileRef = B58073CB27884CAA00809E72 /* clubProfile.json */; };
		B58073CE2788502800809E72 /* ClubHeaderView.swift in Sources */ = {isa = PBXBuildFile; fileRef = B58073CD2788502800809E72 /* ClubHeaderView.swift */; };
		B586805F2788762D00F1A2A5 /* Extensions.swift in Sources */ = {isa = PBXBuildFile; fileRef = B586805E2788762D00F1A2A5 /* Extensions.swift */; };
		B58680632788828100F1A2A5 /* clubHeader.json in Resources */ = {isa = PBXBuildFile; fileRef = B58680622788828100F1A2A5 /* clubHeader.json */; };
		B5C935342786FE5A00853AE4 /* TransfercalcioApp.swift in Sources */ = {isa = PBXBuildFile; fileRef = B5C935332786FE5A00853AE4 /* TransfercalcioApp.swift */; };
		B5C935362786FE5A00853AE4 /* ContentView.swift in Sources */ = {isa = PBXBuildFile; fileRef = B5C935352786FE5A00853AE4 /* ContentView.swift */; };
		B5C935382786FE5B00853AE4 /* Assets.xcassets in Resources */ = {isa = PBXBuildFile; fileRef = B5C935372786FE5B00853AE4 /* Assets.xcassets */; };
		B5C9353B2786FE5B00853AE4 /* Preview Assets.xcassets in Resources */ = {isa = PBXBuildFile; fileRef = B5C9353A2786FE5B00853AE4 /* Preview Assets.xcassets */; };
		B5C935452786FE5B00853AE4 /* TransfercalcioTests.swift in Sources */ = {isa = PBXBuildFile; fileRef = B5C935442786FE5B00853AE4 /* TransfercalcioTests.swift */; };
		B5C9354F2786FE5B00853AE4 /* TransfercalcioUITests.swift in Sources */ = {isa = PBXBuildFile; fileRef = B5C9354E2786FE5B00853AE4 /* TransfercalcioUITests.swift */; };
		B5C935512786FE5B00853AE4 /* TransfercalcioUITestsLaunchTests.swift in Sources */ = {isa = PBXBuildFile; fileRef = B5C935502786FE5B00853AE4 /* TransfercalcioUITestsLaunchTests.swift */; };
		B5C9355E2786FEAC00853AE4 /* ClubView.swift in Sources */ = {isa = PBXBuildFile; fileRef = B5C9355D2786FEAC00853AE4 /* ClubView.swift */; };
		B5C935622786FFE100853AE4 /* ClubProfileManager.swift in Sources */ = {isa = PBXBuildFile; fileRef = B5C935612786FFE100853AE4 /* ClubProfileManager.swift */; };
		B5C935642787676300853AE4 /* ModelData.swift in Sources */ = {isa = PBXBuildFile; fileRef = B5C935632787676300853AE4 /* ModelData.swift */; };
		B5C9356A2787762000853AE4 /* LoadingView.swift in Sources */ = {isa = PBXBuildFile; fileRef = B5C935692787762000853AE4 /* LoadingView.swift */; };
		BF0D8FFDBAD1BBCC133D5E41 /* Pods_Transfercalcio.framework in Frameworks */ = {isa = PBXBuildFile; fileRef = EF867FF2BCEF9C59EE8BA5F2 /* Pods_Transfercalcio.framework */; };
/* End PBXBuildFile section */

/* Begin PBXContainerItemProxy section */
		B5C935412786FE5B00853AE4 /* PBXContainerItemProxy */ = {
			isa = PBXContainerItemProxy;
			containerPortal = B5C935282786FE5A00853AE4 /* Project object */;
			proxyType = 1;
			remoteGlobalIDString = B5C9352F2786FE5A00853AE4;
			remoteInfo = Transfercalcio;
		};
		B5C9354B2786FE5B00853AE4 /* PBXContainerItemProxy */ = {
			isa = PBXContainerItemProxy;
			containerPortal = B5C935282786FE5A00853AE4 /* Project object */;
			proxyType = 1;
			remoteGlobalIDString = B5C9352F2786FE5A00853AE4;
			remoteInfo = Transfercalcio;
		};
/* End PBXContainerItemProxy section */

/* Begin PBXFileReference section */
		12ADADDA9EC75087CEA592A7 /* Pods-Transfercalcio-TransfercalcioUITests.release.xcconfig */ = {isa = PBXFileReference; includeInIndex = 1; lastKnownFileType = text.xcconfig; name = "Pods-Transfercalcio-TransfercalcioUITests.release.xcconfig"; path = "Target Support Files/Pods-Transfercalcio-TransfercalcioUITests/Pods-Transfercalcio-TransfercalcioUITests.release.xcconfig"; sourceTree = "<group>"; };
		2CF6D91ECBB7F03C7DB409CA /* Pods-Transfercalcio-TransfercalcioUITests.debug.xcconfig */ = {isa = PBXFileReference; includeInIndex = 1; lastKnownFileType = text.xcconfig; name = "Pods-Transfercalcio-TransfercalcioUITests.debug.xcconfig"; path = "Target Support Files/Pods-Transfercalcio-TransfercalcioUITests/Pods-Transfercalcio-TransfercalcioUITests.debug.xcconfig"; sourceTree = "<group>"; };
		5FCD9D96466E249CE70365A9 /* Pods_Transfercalcio_TransfercalcioUITests.framework */ = {isa = PBXFileReference; explicitFileType = wrapper.framework; includeInIndex = 0; path = Pods_Transfercalcio_TransfercalcioUITests.framework; sourceTree = BUILT_PRODUCTS_DIR; };
		74BAF32B49BAEAEBBEEF97E8 /* Pods-Transfercalcio.release.xcconfig */ = {isa = PBXFileReference; includeInIndex = 1; lastKnownFileType = text.xcconfig; name = "Pods-Transfercalcio.release.xcconfig"; path = "Target Support Files/Pods-Transfercalcio/Pods-Transfercalcio.release.xcconfig"; sourceTree = "<group>"; };
		9477F1D2C670641BC689EC70 /* Pods-Transfercalcio.debug.xcconfig */ = {isa = PBXFileReference; includeInIndex = 1; lastKnownFileType = text.xcconfig; name = "Pods-Transfercalcio.debug.xcconfig"; path = "Target Support Files/Pods-Transfercalcio/Pods-Transfercalcio.debug.xcconfig"; sourceTree = "<group>"; };
		9F17A8850CD5554309D56BA2 /* Pods-TransfercalcioTests.debug.xcconfig */ = {isa = PBXFileReference; includeInIndex = 1; lastKnownFileType = text.xcconfig; name = "Pods-TransfercalcioTests.debug.xcconfig"; path = "Target Support Files/Pods-TransfercalcioTests/Pods-TransfercalcioTests.debug.xcconfig"; sourceTree = "<group>"; };
		A3E94BE359C48E8472A6B1FC /* Pods_TransfercalcioTests.framework */ = {isa = PBXFileReference; explicitFileType = wrapper.framework; includeInIndex = 0; path = Pods_TransfercalcioTests.framework; sourceTree = BUILT_PRODUCTS_DIR; };
		B58073CB27884CAA00809E72 /* clubProfile.json */ = {isa = PBXFileReference; lastKnownFileType = text.json; path = clubProfile.json; sourceTree = "<group>"; };
		B58073CD2788502800809E72 /* ClubHeaderView.swift */ = {isa = PBXFileReference; lastKnownFileType = sourcecode.swift; path = ClubHeaderView.swift; sourceTree = "<group>"; };
		B586805E2788762D00F1A2A5 /* Extensions.swift */ = {isa = PBXFileReference; lastKnownFileType = sourcecode.swift; path = Extensions.swift; sourceTree = "<group>"; };
		B58680622788828100F1A2A5 /* clubHeader.json */ = {isa = PBXFileReference; lastKnownFileType = text.json; path = clubHeader.json; sourceTree = "<group>"; };
		B5C935302786FE5A00853AE4 /* Transfercalcio.app */ = {isa = PBXFileReference; explicitFileType = wrapper.application; includeInIndex = 0; path = Transfercalcio.app; sourceTree = BUILT_PRODUCTS_DIR; };
		B5C935332786FE5A00853AE4 /* TransfercalcioApp.swift */ = {isa = PBXFileReference; lastKnownFileType = sourcecode.swift; path = TransfercalcioApp.swift; sourceTree = "<group>"; };
		B5C935352786FE5A00853AE4 /* ContentView.swift */ = {isa = PBXFileReference; lastKnownFileType = sourcecode.swift; path = ContentView.swift; sourceTree = "<group>"; };
		B5C935372786FE5B00853AE4 /* Assets.xcassets */ = {isa = PBXFileReference; lastKnownFileType = folder.assetcatalog; path = Assets.xcassets; sourceTree = "<group>"; };
		B5C9353A2786FE5B00853AE4 /* Preview Assets.xcassets */ = {isa = PBXFileReference; lastKnownFileType = folder.assetcatalog; path = "Preview Assets.xcassets"; sourceTree = "<group>"; };
		B5C935402786FE5B00853AE4 /* TransfercalcioTests.xctest */ = {isa = PBXFileReference; explicitFileType = wrapper.cfbundle; includeInIndex = 0; path = TransfercalcioTests.xctest; sourceTree = BUILT_PRODUCTS_DIR; };
		B5C935442786FE5B00853AE4 /* TransfercalcioTests.swift */ = {isa = PBXFileReference; lastKnownFileType = sourcecode.swift; path = TransfercalcioTests.swift; sourceTree = "<group>"; };
		B5C9354A2786FE5B00853AE4 /* TransfercalcioUITests.xctest */ = {isa = PBXFileReference; explicitFileType = wrapper.cfbundle; includeInIndex = 0; path = TransfercalcioUITests.xctest; sourceTree = BUILT_PRODUCTS_DIR; };
		B5C9354E2786FE5B00853AE4 /* TransfercalcioUITests.swift */ = {isa = PBXFileReference; lastKnownFileType = sourcecode.swift; path = TransfercalcioUITests.swift; sourceTree = "<group>"; };
		B5C935502786FE5B00853AE4 /* TransfercalcioUITestsLaunchTests.swift */ = {isa = PBXFileReference; lastKnownFileType = sourcecode.swift; path = TransfercalcioUITestsLaunchTests.swift; sourceTree = "<group>"; };
		B5C9355D2786FEAC00853AE4 /* ClubView.swift */ = {isa = PBXFileReference; lastKnownFileType = sourcecode.swift; path = ClubView.swift; sourceTree = "<group>"; };
		B5C935612786FFE100853AE4 /* ClubProfileManager.swift */ = {isa = PBXFileReference; lastKnownFileType = sourcecode.swift; path = ClubProfileManager.swift; sourceTree = "<group>"; };
		B5C935632787676300853AE4 /* ModelData.swift */ = {isa = PBXFileReference; lastKnownFileType = sourcecode.swift; path = ModelData.swift; sourceTree = "<group>"; };
		B5C935692787762000853AE4 /* LoadingView.swift */ = {isa = PBXFileReference; fileEncoding = 4; lastKnownFileType = sourcecode.swift; path = LoadingView.swift; sourceTree = "<group>"; };
		EF867FF2BCEF9C59EE8BA5F2 /* Pods_Transfercalcio.framework */ = {isa = PBXFileReference; explicitFileType = wrapper.framework; includeInIndex = 0; path = Pods_Transfercalcio.framework; sourceTree = BUILT_PRODUCTS_DIR; };
		FAFB2F744C0E9E7C133D9D8E /* Pods-TransfercalcioTests.release.xcconfig */ = {isa = PBXFileReference; includeInIndex = 1; lastKnownFileType = text.xcconfig; name = "Pods-TransfercalcioTests.release.xcconfig"; path = "Target Support Files/Pods-TransfercalcioTests/Pods-TransfercalcioTests.release.xcconfig"; sourceTree = "<group>"; };
/* End PBXFileReference section */

/* Begin PBXFrameworksBuildPhase section */
		B5C9352D2786FE5A00853AE4 /* Frameworks */ = {
			isa = PBXFrameworksBuildPhase;
			buildActionMask = 2147483647;
			files = (
				BF0D8FFDBAD1BBCC133D5E41 /* Pods_Transfercalcio.framework in Frameworks */,
			);
			runOnlyForDeploymentPostprocessing = 0;
		};
		B5C9353D2786FE5B00853AE4 /* Frameworks */ = {
			isa = PBXFrameworksBuildPhase;
			buildActionMask = 2147483647;
			files = (
				9C909ABEECC541D141FEDF07 /* Pods_TransfercalcioTests.framework in Frameworks */,
			);
			runOnlyForDeploymentPostprocessing = 0;
		};
		B5C935472786FE5B00853AE4 /* Frameworks */ = {
			isa = PBXFrameworksBuildPhase;
			buildActionMask = 2147483647;
			files = (
				2AE1CA1F190A65CC521DDE7F /* Pods_Transfercalcio_TransfercalcioUITests.framework in Frameworks */,
			);
			runOnlyForDeploymentPostprocessing = 0;
		};
/* End PBXFrameworksBuildPhase section */

/* Begin PBXGroup section */
		96C33F45D123789AFDBB53B9 /* Pods */ = {
			isa = PBXGroup;
			children = (
				9477F1D2C670641BC689EC70 /* Pods-Transfercalcio.debug.xcconfig */,
				74BAF32B49BAEAEBBEEF97E8 /* Pods-Transfercalcio.release.xcconfig */,
				2CF6D91ECBB7F03C7DB409CA /* Pods-Transfercalcio-TransfercalcioUITests.debug.xcconfig */,
				12ADADDA9EC75087CEA592A7 /* Pods-Transfercalcio-TransfercalcioUITests.release.xcconfig */,
				9F17A8850CD5554309D56BA2 /* Pods-TransfercalcioTests.debug.xcconfig */,
				FAFB2F744C0E9E7C133D9D8E /* Pods-TransfercalcioTests.release.xcconfig */,
			);
			path = Pods;
			sourceTree = "<group>";
		};
		9BA2E88439DFB5EFCD8BDD52 /* Frameworks */ = {
			isa = PBXGroup;
			children = (
				EF867FF2BCEF9C59EE8BA5F2 /* Pods_Transfercalcio.framework */,
				5FCD9D96466E249CE70365A9 /* Pods_Transfercalcio_TransfercalcioUITests.framework */,
				A3E94BE359C48E8472A6B1FC /* Pods_TransfercalcioTests.framework */,
			);
			name = Frameworks;
			sourceTree = "<group>";
		};
		B5C935272786FE5A00853AE4 = {
			isa = PBXGroup;
			children = (
				B5C935322786FE5A00853AE4 /* Transfercalcio */,
				B5C935432786FE5B00853AE4 /* TransfercalcioTests */,
				B5C9354D2786FE5B00853AE4 /* TransfercalcioUITests */,
				B5C935312786FE5A00853AE4 /* Products */,
				96C33F45D123789AFDBB53B9 /* Pods */,
				9BA2E88439DFB5EFCD8BDD52 /* Frameworks */,
			);
			sourceTree = "<group>";
		};
		B5C935312786FE5A00853AE4 /* Products */ = {
			isa = PBXGroup;
			children = (
				B5C935302786FE5A00853AE4 /* Transfercalcio.app */,
				B5C935402786FE5B00853AE4 /* TransfercalcioTests.xctest */,
				B5C9354A2786FE5B00853AE4 /* TransfercalcioUITests.xctest */,
			);
			name = Products;
			sourceTree = "<group>";
		};
		B5C935322786FE5A00853AE4 /* Transfercalcio */ = {
			isa = PBXGroup;
			children = (
				B5C9355F2786FEBC00853AE4 /* Views */,
				B5C935602786FFD000853AE4 /* Managers */,
				B5C935332786FE5A00853AE4 /* TransfercalcioApp.swift */,
				B5C935352786FE5A00853AE4 /* ContentView.swift */,
				B5C935692787762000853AE4 /* LoadingView.swift */,
				B5C935372786FE5B00853AE4 /* Assets.xcassets */,
				B5C935392786FE5B00853AE4 /* Preview Content */,
				B586805E2788762D00F1A2A5 /* Extensions.swift */,
			);
			path = Transfercalcio;
			sourceTree = "<group>";
		};
		B5C935392786FE5B00853AE4 /* Preview Content */ = {
			isa = PBXGroup;
			children = (
				B5C9353A2786FE5B00853AE4 /* Preview Assets.xcassets */,
				B5C935632787676300853AE4 /* ModelData.swift */,
				B58073CB27884CAA00809E72 /* clubProfile.json */,
				B58680622788828100F1A2A5 /* clubHeader.json */,
			);
			path = "Preview Content";
			sourceTree = "<group>";
		};
		B5C935432786FE5B00853AE4 /* TransfercalcioTests */ = {
			isa = PBXGroup;
			children = (
				B5C935442786FE5B00853AE4 /* TransfercalcioTests.swift */,
			);
			path = TransfercalcioTests;
			sourceTree = "<group>";
		};
		B5C9354D2786FE5B00853AE4 /* TransfercalcioUITests */ = {
			isa = PBXGroup;
			children = (
				B5C9354E2786FE5B00853AE4 /* TransfercalcioUITests.swift */,
				B5C935502786FE5B00853AE4 /* TransfercalcioUITestsLaunchTests.swift */,
			);
			path = TransfercalcioUITests;
			sourceTree = "<group>";
		};
		B5C9355F2786FEBC00853AE4 /* Views */ = {
			isa = PBXGroup;
			children = (
				B5C9355D2786FEAC00853AE4 /* ClubView.swift */,
				B58073CD2788502800809E72 /* ClubHeaderView.swift */,
			);
			path = Views;
			sourceTree = "<group>";
		};
		B5C935602786FFD000853AE4 /* Managers */ = {
			isa = PBXGroup;
			children = (
				B5C935612786FFE100853AE4 /* ClubProfileManager.swift */,
			);
			path = Managers;
			sourceTree = "<group>";
		};
/* End PBXGroup section */

/* Begin PBXNativeTarget section */
		B5C9352F2786FE5A00853AE4 /* Transfercalcio */ = {
			isa = PBXNativeTarget;
			buildConfigurationList = B5C935542786FE5B00853AE4 /* Build configuration list for PBXNativeTarget "Transfercalcio" */;
			buildPhases = (
				D2B1E37AA736F55DF1896C30 /* [CP] Check Pods Manifest.lock */,
				B5C9352C2786FE5A00853AE4 /* Sources */,
				B5C9352D2786FE5A00853AE4 /* Frameworks */,
				B5C9352E2786FE5A00853AE4 /* Resources */,
				538D4B00F30C8FE872B3B05C /* [CP] Embed Pods Frameworks */,
			);
			buildRules = (
			);
			dependencies = (
			);
			name = Transfercalcio;
			productName = Transfercalcio;
			productReference = B5C935302786FE5A00853AE4 /* Transfercalcio.app */;
			productType = "com.apple.product-type.application";
		};
		B5C9353F2786FE5B00853AE4 /* TransfercalcioTests */ = {
			isa = PBXNativeTarget;
			buildConfigurationList = B5C935572786FE5B00853AE4 /* Build configuration list for PBXNativeTarget "TransfercalcioTests" */;
			buildPhases = (
				8B29332FE2503F7CAA154C4B /* [CP] Check Pods Manifest.lock */,
				B5C9353C2786FE5B00853AE4 /* Sources */,
				B5C9353D2786FE5B00853AE4 /* Frameworks */,
				B5C9353E2786FE5B00853AE4 /* Resources */,
			);
			buildRules = (
			);
			dependencies = (
				B5C935422786FE5B00853AE4 /* PBXTargetDependency */,
			);
			name = TransfercalcioTests;
			productName = TransfercalcioTests;
			productReference = B5C935402786FE5B00853AE4 /* TransfercalcioTests.xctest */;
			productType = "com.apple.product-type.bundle.unit-test";
		};
		B5C935492786FE5B00853AE4 /* TransfercalcioUITests */ = {
			isa = PBXNativeTarget;
			buildConfigurationList = B5C9355A2786FE5B00853AE4 /* Build configuration list for PBXNativeTarget "TransfercalcioUITests" */;
			buildPhases = (
				50201AFD0F710B7AE46F9591 /* [CP] Check Pods Manifest.lock */,
				B5C935462786FE5B00853AE4 /* Sources */,
				B5C935472786FE5B00853AE4 /* Frameworks */,
				B5C935482786FE5B00853AE4 /* Resources */,
				FBBBC41DA7E9112489448172 /* [CP] Embed Pods Frameworks */,
			);
			buildRules = (
			);
			dependencies = (
				B5C9354C2786FE5B00853AE4 /* PBXTargetDependency */,
			);
			name = TransfercalcioUITests;
			productName = TransfercalcioUITests;
			productReference = B5C9354A2786FE5B00853AE4 /* TransfercalcioUITests.xctest */;
			productType = "com.apple.product-type.bundle.ui-testing";
		};
/* End PBXNativeTarget section */

/* Begin PBXProject section */
		B5C935282786FE5A00853AE4 /* Project object */ = {
			isa = PBXProject;
			attributes = {
				BuildIndependentTargetsInParallel = 1;
				LastSwiftUpdateCheck = 1320;
				LastUpgradeCheck = 1320;
				TargetAttributes = {
					B5C9352F2786FE5A00853AE4 = {
						CreatedOnToolsVersion = 13.2;
					};
					B5C9353F2786FE5B00853AE4 = {
						CreatedOnToolsVersion = 13.2;
						TestTargetID = B5C9352F2786FE5A00853AE4;
					};
					B5C935492786FE5B00853AE4 = {
						CreatedOnToolsVersion = 13.2;
						TestTargetID = B5C9352F2786FE5A00853AE4;
					};
				};
			};
			buildConfigurationList = B5C9352B2786FE5A00853AE4 /* Build configuration list for PBXProject "Transfercalcio" */;
			compatibilityVersion = "Xcode 13.0";
			developmentRegion = en;
			hasScannedForEncodings = 0;
			knownRegions = (
				en,
				Base,
			);
			mainGroup = B5C935272786FE5A00853AE4;
			productRefGroup = B5C935312786FE5A00853AE4 /* Products */;
			projectDirPath = "";
			projectRoot = "";
			targets = (
				B5C9352F2786FE5A00853AE4 /* Transfercalcio */,
				B5C9353F2786FE5B00853AE4 /* TransfercalcioTests */,
				B5C935492786FE5B00853AE4 /* TransfercalcioUITests */,
			);
		};
/* End PBXProject section */

/* Begin PBXResourcesBuildPhase section */
		B5C9352E2786FE5A00853AE4 /* Resources */ = {
			isa = PBXResourcesBuildPhase;
			buildActionMask = 2147483647;
			files = (
				B58073CC27884CAA00809E72 /* clubProfile.json in Resources */,
				B5C9353B2786FE5B00853AE4 /* Preview Assets.xcassets in Resources */,
				B58680632788828100F1A2A5 /* clubHeader.json in Resources */,
				B5C935382786FE5B00853AE4 /* Assets.xcassets in Resources */,
			);
			runOnlyForDeploymentPostprocessing = 0;
		};
		B5C9353E2786FE5B00853AE4 /* Resources */ = {
			isa = PBXResourcesBuildPhase;
			buildActionMask = 2147483647;
			files = (
			);
			runOnlyForDeploymentPostprocessing = 0;
		};
		B5C935482786FE5B00853AE4 /* Resources */ = {
			isa = PBXResourcesBuildPhase;
			buildActionMask = 2147483647;
			files = (
			);
			runOnlyForDeploymentPostprocessing = 0;
		};
/* End PBXResourcesBuildPhase section */

/* Begin PBXShellScriptBuildPhase section */
		50201AFD0F710B7AE46F9591 /* [CP] Check Pods Manifest.lock */ = {
			isa = PBXShellScriptBuildPhase;
			buildActionMask = 2147483647;
			files = (
			);
			inputFileListPaths = (
			);
			inputPaths = (
				"${PODS_PODFILE_DIR_PATH}/Podfile.lock",
				"${PODS_ROOT}/Manifest.lock",
			);
			name = "[CP] Check Pods Manifest.lock";
			outputFileListPaths = (
			);
			outputPaths = (
				"$(DERIVED_FILE_DIR)/Pods-Transfercalcio-TransfercalcioUITests-checkManifestLockResult.txt",
			);
			runOnlyForDeploymentPostprocessing = 0;
			shellPath = /bin/sh;
			shellScript = "diff \"${PODS_PODFILE_DIR_PATH}/Podfile.lock\" \"${PODS_ROOT}/Manifest.lock\" > /dev/null\nif [ $? != 0 ] ; then\n    # print error to STDERR\n    echo \"error: The sandbox is not in sync with the Podfile.lock. Run 'pod install' or update your CocoaPods installation.\" >&2\n    exit 1\nfi\n# This output is used by Xcode 'outputs' to avoid re-running this script phase.\necho \"SUCCESS\" > \"${SCRIPT_OUTPUT_FILE_0}\"\n";
			showEnvVarsInLog = 0;
		};
		538D4B00F30C8FE872B3B05C /* [CP] Embed Pods Frameworks */ = {
			isa = PBXShellScriptBuildPhase;
			buildActionMask = 2147483647;
			files = (
			);
			inputFileListPaths = (
				"${PODS_ROOT}/Target Support Files/Pods-Transfercalcio/Pods-Transfercalcio-frameworks-${CONFIGURATION}-input-files.xcfilelist",
			);
			name = "[CP] Embed Pods Frameworks";
			outputFileListPaths = (
				"${PODS_ROOT}/Target Support Files/Pods-Transfercalcio/Pods-Transfercalcio-frameworks-${CONFIGURATION}-output-files.xcfilelist",
			);
			runOnlyForDeploymentPostprocessing = 0;
			shellPath = /bin/sh;
			shellScript = "\"${PODS_ROOT}/Target Support Files/Pods-Transfercalcio/Pods-Transfercalcio-frameworks.sh\"\n";
			showEnvVarsInLog = 0;
		};
		8B29332FE2503F7CAA154C4B /* [CP] Check Pods Manifest.lock */ = {
			isa = PBXShellScriptBuildPhase;
			buildActionMask = 2147483647;
			files = (
			);
			inputFileListPaths = (
			);
			inputPaths = (
				"${PODS_PODFILE_DIR_PATH}/Podfile.lock",
				"${PODS_ROOT}/Manifest.lock",
			);
			name = "[CP] Check Pods Manifest.lock";
			outputFileListPaths = (
			);
			outputPaths = (
				"$(DERIVED_FILE_DIR)/Pods-TransfercalcioTests-checkManifestLockResult.txt",
			);
			runOnlyForDeploymentPostprocessing = 0;
			shellPath = /bin/sh;
			shellScript = "diff \"${PODS_PODFILE_DIR_PATH}/Podfile.lock\" \"${PODS_ROOT}/Manifest.lock\" > /dev/null\nif [ $? != 0 ] ; then\n    # print error to STDERR\n    echo \"error: The sandbox is not in sync with the Podfile.lock. Run 'pod install' or update your CocoaPods installation.\" >&2\n    exit 1\nfi\n# This output is used by Xcode 'outputs' to avoid re-running this script phase.\necho \"SUCCESS\" > \"${SCRIPT_OUTPUT_FILE_0}\"\n";
			showEnvVarsInLog = 0;
		};
		D2B1E37AA736F55DF1896C30 /* [CP] Check Pods Manifest.lock */ = {
			isa = PBXShellScriptBuildPhase;
			buildActionMask = 2147483647;
			files = (
			);
			inputFileListPaths = (
			);
			inputPaths = (
				"${PODS_PODFILE_DIR_PATH}/Podfile.lock",
				"${PODS_ROOT}/Manifest.lock",
			);
			name = "[CP] Check Pods Manifest.lock";
			outputFileListPaths = (
			);
			outputPaths = (
				"$(DERIVED_FILE_DIR)/Pods-Transfercalcio-checkManifestLockResult.txt",
			);
			runOnlyForDeploymentPostprocessing = 0;
			shellPath = /bin/sh;
			shellScript = "diff \"${PODS_PODFILE_DIR_PATH}/Podfile.lock\" \"${PODS_ROOT}/Manifest.lock\" > /dev/null\nif [ $? != 0 ] ; then\n    # print error to STDERR\n    echo \"error: The sandbox is not in sync with the Podfile.lock. Run 'pod install' or update your CocoaPods installation.\" >&2\n    exit 1\nfi\n# This output is used by Xcode 'outputs' to avoid re-running this script phase.\necho \"SUCCESS\" > \"${SCRIPT_OUTPUT_FILE_0}\"\n";
			showEnvVarsInLog = 0;
		};
		FBBBC41DA7E9112489448172 /* [CP] Embed Pods Frameworks */ = {
			isa = PBXShellScriptBuildPhase;
			buildActionMask = 2147483647;
			files = (
			);
			inputFileListPaths = (
				"${PODS_ROOT}/Target Support Files/Pods-Transfercalcio-TransfercalcioUITests/Pods-Transfercalcio-TransfercalcioUITests-frameworks-${CONFIGURATION}-input-files.xcfilelist",
			);
			name = "[CP] Embed Pods Frameworks";
			outputFileListPaths = (
				"${PODS_ROOT}/Target Support Files/Pods-Transfercalcio-TransfercalcioUITests/Pods-Transfercalcio-TransfercalcioUITests-frameworks-${CONFIGURATION}-output-files.xcfilelist",
			);
			runOnlyForDeploymentPostprocessing = 0;
			shellPath = /bin/sh;
			shellScript = "\"${PODS_ROOT}/Target Support Files/Pods-Transfercalcio-TransfercalcioUITests/Pods-Transfercalcio-TransfercalcioUITests-frameworks.sh\"\n";
			showEnvVarsInLog = 0;
		};
/* End PBXShellScriptBuildPhase section */

/* Begin PBXSourcesBuildPhase section */
		B5C9352C2786FE5A00853AE4 /* Sources */ = {
			isa = PBXSourcesBuildPhase;
			buildActionMask = 2147483647;
			files = (
				B58073CE2788502800809E72 /* ClubHeaderView.swift in Sources */,
				B5C9355E2786FEAC00853AE4 /* ClubView.swift in Sources */,
				B5C935622786FFE100853AE4 /* ClubProfileManager.swift in Sources */,
				B586805F2788762D00F1A2A5 /* Extensions.swift in Sources */,
				B5C935642787676300853AE4 /* ModelData.swift in Sources */,
				B5C935362786FE5A00853AE4 /* ContentView.swift in Sources */,
				B5C935342786FE5A00853AE4 /* TransfercalcioApp.swift in Sources */,
				B5C9356A2787762000853AE4 /* LoadingView.swift in Sources */,
			);
			runOnlyForDeploymentPostprocessing = 0;
		};
		B5C9353C2786FE5B00853AE4 /* Sources */ = {
			isa = PBXSourcesBuildPhase;
			buildActionMask = 2147483647;
			files = (
				B5C935452786FE5B00853AE4 /* TransfercalcioTests.swift in Sources */,
			);
			runOnlyForDeploymentPostprocessing = 0;
		};
		B5C935462786FE5B00853AE4 /* Sources */ = {
			isa = PBXSourcesBuildPhase;
			buildActionMask = 2147483647;
			files = (
				B5C935512786FE5B00853AE4 /* TransfercalcioUITestsLaunchTests.swift in Sources */,
				B5C9354F2786FE5B00853AE4 /* TransfercalcioUITests.swift in Sources */,
			);
			runOnlyForDeploymentPostprocessing = 0;
		};
/* End PBXSourcesBuildPhase section */

/* Begin PBXTargetDependency section */
		B5C935422786FE5B00853AE4 /* PBXTargetDependency */ = {
			isa = PBXTargetDependency;
			target = B5C9352F2786FE5A00853AE4 /* Transfercalcio */;
			targetProxy = B5C935412786FE5B00853AE4 /* PBXContainerItemProxy */;
		};
		B5C9354C2786FE5B00853AE4 /* PBXTargetDependency */ = {
			isa = PBXTargetDependency;
			target = B5C9352F2786FE5A00853AE4 /* Transfercalcio */;
			targetProxy = B5C9354B2786FE5B00853AE4 /* PBXContainerItemProxy */;
		};
/* End PBXTargetDependency section */

/* Begin XCBuildConfiguration section */
		B5C935522786FE5B00853AE4 /* Debug */ = {
			isa = XCBuildConfiguration;
			buildSettings = {
				ALWAYS_SEARCH_USER_PATHS = NO;
				CLANG_ANALYZER_NONNULL = YES;
				CLANG_ANALYZER_NUMBER_OBJECT_CONVERSION = YES_AGGRESSIVE;
				CLANG_CXX_LANGUAGE_STANDARD = "gnu++17";
				CLANG_CXX_LIBRARY = "libc++";
				CLANG_ENABLE_MODULES = YES;
				CLANG_ENABLE_OBJC_ARC = YES;
				CLANG_ENABLE_OBJC_WEAK = YES;
				CLANG_WARN_BLOCK_CAPTURE_AUTORELEASING = YES;
				CLANG_WARN_BOOL_CONVERSION = YES;
				CLANG_WARN_COMMA = YES;
				CLANG_WARN_CONSTANT_CONVERSION = YES;
				CLANG_WARN_DEPRECATED_OBJC_IMPLEMENTATIONS = YES;
				CLANG_WARN_DIRECT_OBJC_ISA_USAGE = YES_ERROR;
				CLANG_WARN_DOCUMENTATION_COMMENTS = YES;
				CLANG_WARN_EMPTY_BODY = YES;
				CLANG_WARN_ENUM_CONVERSION = YES;
				CLANG_WARN_INFINITE_RECURSION = YES;
				CLANG_WARN_INT_CONVERSION = YES;
				CLANG_WARN_NON_LITERAL_NULL_CONVERSION = YES;
				CLANG_WARN_OBJC_IMPLICIT_RETAIN_SELF = YES;
				CLANG_WARN_OBJC_LITERAL_CONVERSION = YES;
				CLANG_WARN_OBJC_ROOT_CLASS = YES_ERROR;
				CLANG_WARN_QUOTED_INCLUDE_IN_FRAMEWORK_HEADER = YES;
				CLANG_WARN_RANGE_LOOP_ANALYSIS = YES;
				CLANG_WARN_STRICT_PROTOTYPES = YES;
				CLANG_WARN_SUSPICIOUS_MOVE = YES;
				CLANG_WARN_UNGUARDED_AVAILABILITY = YES_AGGRESSIVE;
				CLANG_WARN_UNREACHABLE_CODE = YES;
				CLANG_WARN__DUPLICATE_METHOD_MATCH = YES;
				COPY_PHASE_STRIP = NO;
				DEBUG_INFORMATION_FORMAT = dwarf;
				ENABLE_STRICT_OBJC_MSGSEND = YES;
				ENABLE_TESTABILITY = YES;
				GCC_C_LANGUAGE_STANDARD = gnu11;
				GCC_DYNAMIC_NO_PIC = NO;
				GCC_NO_COMMON_BLOCKS = YES;
				GCC_OPTIMIZATION_LEVEL = 0;
				GCC_PREPROCESSOR_DEFINITIONS = (
					"DEBUG=1",
					"$(inherited)",
				);
				GCC_WARN_64_TO_32_BIT_CONVERSION = YES;
				GCC_WARN_ABOUT_RETURN_TYPE = YES_ERROR;
				GCC_WARN_UNDECLARED_SELECTOR = YES;
				GCC_WARN_UNINITIALIZED_AUTOS = YES_AGGRESSIVE;
				GCC_WARN_UNUSED_FUNCTION = YES;
				GCC_WARN_UNUSED_VARIABLE = YES;
				IPHONEOS_DEPLOYMENT_TARGET = 15.2;
				MTL_ENABLE_DEBUG_INFO = INCLUDE_SOURCE;
				MTL_FAST_MATH = YES;
				ONLY_ACTIVE_ARCH = YES;
				SDKROOT = iphoneos;
				SWIFT_ACTIVE_COMPILATION_CONDITIONS = DEBUG;
				SWIFT_OPTIMIZATION_LEVEL = "-Onone";
			};
			name = Debug;
		};
		B5C935532786FE5B00853AE4 /* Release */ = {
			isa = XCBuildConfiguration;
			buildSettings = {
				ALWAYS_SEARCH_USER_PATHS = NO;
				CLANG_ANALYZER_NONNULL = YES;
				CLANG_ANALYZER_NUMBER_OBJECT_CONVERSION = YES_AGGRESSIVE;
				CLANG_CXX_LANGUAGE_STANDARD = "gnu++17";
				CLANG_CXX_LIBRARY = "libc++";
				CLANG_ENABLE_MODULES = YES;
				CLANG_ENABLE_OBJC_ARC = YES;
				CLANG_ENABLE_OBJC_WEAK = YES;
				CLANG_WARN_BLOCK_CAPTURE_AUTORELEASING = YES;
				CLANG_WARN_BOOL_CONVERSION = YES;
				CLANG_WARN_COMMA = YES;
				CLANG_WARN_CONSTANT_CONVERSION = YES;
				CLANG_WARN_DEPRECATED_OBJC_IMPLEMENTATIONS = YES;
				CLANG_WARN_DIRECT_OBJC_ISA_USAGE = YES_ERROR;
				CLANG_WARN_DOCUMENTATION_COMMENTS = YES;
				CLANG_WARN_EMPTY_BODY = YES;
				CLANG_WARN_ENUM_CONVERSION = YES;
				CLANG_WARN_INFINITE_RECURSION = YES;
				CLANG_WARN_INT_CONVERSION = YES;
				CLANG_WARN_NON_LITERAL_NULL_CONVERSION = YES;
				CLANG_WARN_OBJC_IMPLICIT_RETAIN_SELF = YES;
				CLANG_WARN_OBJC_LITERAL_CONVERSION = YES;
				CLANG_WARN_OBJC_ROOT_CLASS = YES_ERROR;
				CLANG_WARN_QUOTED_INCLUDE_IN_FRAMEWORK_HEADER = YES;
				CLANG_WARN_RANGE_LOOP_ANALYSIS = YES;
				CLANG_WARN_STRICT_PROTOTYPES = YES;
				CLANG_WARN_SUSPICIOUS_MOVE = YES;
				CLANG_WARN_UNGUARDED_AVAILABILITY = YES_AGGRESSIVE;
				CLANG_WARN_UNREACHABLE_CODE = YES;
				CLANG_WARN__DUPLICATE_METHOD_MATCH = YES;
				COPY_PHASE_STRIP = NO;
				DEBUG_INFORMATION_FORMAT = "dwarf-with-dsym";
				ENABLE_NS_ASSERTIONS = NO;
				ENABLE_STRICT_OBJC_MSGSEND = YES;
				GCC_C_LANGUAGE_STANDARD = gnu11;
				GCC_NO_COMMON_BLOCKS = YES;
				GCC_WARN_64_TO_32_BIT_CONVERSION = YES;
				GCC_WARN_ABOUT_RETURN_TYPE = YES_ERROR;
				GCC_WARN_UNDECLARED_SELECTOR = YES;
				GCC_WARN_UNINITIALIZED_AUTOS = YES_AGGRESSIVE;
				GCC_WARN_UNUSED_FUNCTION = YES;
				GCC_WARN_UNUSED_VARIABLE = YES;
				IPHONEOS_DEPLOYMENT_TARGET = 15.2;
				MTL_ENABLE_DEBUG_INFO = NO;
				MTL_FAST_MATH = YES;
				SDKROOT = iphoneos;
				SWIFT_COMPILATION_MODE = wholemodule;
				SWIFT_OPTIMIZATION_LEVEL = "-O";
				VALIDATE_PRODUCT = YES;
			};
			name = Release;
		};
		B5C935552786FE5B00853AE4 /* Debug */ = {
			isa = XCBuildConfiguration;
			baseConfigurationReference = 9477F1D2C670641BC689EC70 /* Pods-Transfercalcio.debug.xcconfig */;
			buildSettings = {
				ASSETCATALOG_COMPILER_APPICON_NAME = AppIcon;
				ASSETCATALOG_COMPILER_GLOBAL_ACCENT_COLOR_NAME = AccentColor;
				CODE_SIGN_STYLE = Automatic;
				CURRENT_PROJECT_VERSION = 1;
				DEVELOPMENT_ASSET_PATHS = "\"Transfercalcio/Preview Content\"";
				DEVELOPMENT_TEAM = L7XKF6M92U;
				ENABLE_PREVIEWS = YES;
				GENERATE_INFOPLIST_FILE = YES;
				INFOPLIST_KEY_UIApplicationSceneManifest_Generation = YES;
				INFOPLIST_KEY_UIApplicationSupportsIndirectInputEvents = YES;
				INFOPLIST_KEY_UILaunchScreen_Generation = YES;
				INFOPLIST_KEY_UISupportedInterfaceOrientations_iPad = "UIInterfaceOrientationPortrait UIInterfaceOrientationPortraitUpsideDown UIInterfaceOrientationLandscapeLeft UIInterfaceOrientationLandscapeRight";
				INFOPLIST_KEY_UISupportedInterfaceOrientations_iPhone = "UIInterfaceOrientationPortrait UIInterfaceOrientationLandscapeLeft UIInterfaceOrientationLandscapeRight";
				LD_RUNPATH_SEARCH_PATHS = (
					"$(inherited)",
					"@executable_path/Frameworks",
				);
				MARKETING_VERSION = 1.0;
				PRODUCT_BUNDLE_IDENTIFIER = "b-lass.Transfercalcio";
				PRODUCT_NAME = "$(TARGET_NAME)";
				SWIFT_EMIT_LOC_STRINGS = YES;
				SWIFT_VERSION = 5.0;
				TARGETED_DEVICE_FAMILY = 1;
			};
			name = Debug;
		};
		B5C935562786FE5B00853AE4 /* Release */ = {
			isa = XCBuildConfiguration;
			baseConfigurationReference = 74BAF32B49BAEAEBBEEF97E8 /* Pods-Transfercalcio.release.xcconfig */;
			buildSettings = {
				ASSETCATALOG_COMPILER_APPICON_NAME = AppIcon;
				ASSETCATALOG_COMPILER_GLOBAL_ACCENT_COLOR_NAME = AccentColor;
				CODE_SIGN_STYLE = Automatic;
				CURRENT_PROJECT_VERSION = 1;
				DEVELOPMENT_ASSET_PATHS = "\"Transfercalcio/Preview Content\"";
				DEVELOPMENT_TEAM = L7XKF6M92U;
				ENABLE_PREVIEWS = YES;
				GENERATE_INFOPLIST_FILE = YES;
				INFOPLIST_KEY_UIApplicationSceneManifest_Generation = YES;
				INFOPLIST_KEY_UIApplicationSupportsIndirectInputEvents = YES;
				INFOPLIST_KEY_UILaunchScreen_Generation = YES;
				INFOPLIST_KEY_UISupportedInterfaceOrientations_iPad = "UIInterfaceOrientationPortrait UIInterfaceOrientationPortraitUpsideDown UIInterfaceOrientationLandscapeLeft UIInterfaceOrientationLandscapeRight";
				INFOPLIST_KEY_UISupportedInterfaceOrientations_iPhone = "UIInterfaceOrientationPortrait UIInterfaceOrientationLandscapeLeft UIInterfaceOrientationLandscapeRight";
				LD_RUNPATH_SEARCH_PATHS = (
					"$(inherited)",
					"@executable_path/Frameworks",
				);
				MARKETING_VERSION = 1.0;
				PRODUCT_BUNDLE_IDENTIFIER = "b-lass.Transfercalcio";
				PRODUCT_NAME = "$(TARGET_NAME)";
				SWIFT_EMIT_LOC_STRINGS = YES;
				SWIFT_VERSION = 5.0;
				TARGETED_DEVICE_FAMILY = 1;
			};
			name = Release;
		};
		B5C935582786FE5B00853AE4 /* Debug */ = {
			isa = XCBuildConfiguration;
			baseConfigurationReference = 9F17A8850CD5554309D56BA2 /* Pods-TransfercalcioTests.debug.xcconfig */;
			buildSettings = {
				ALWAYS_EMBED_SWIFT_STANDARD_LIBRARIES = YES;
				BUNDLE_LOADER = "$(TEST_HOST)";
				CODE_SIGN_STYLE = Automatic;
				CURRENT_PROJECT_VERSION = 1;
				DEVELOPMENT_TEAM = L7XKF6M92U;
				GENERATE_INFOPLIST_FILE = YES;
				IPHONEOS_DEPLOYMENT_TARGET = 15.2;
				MARKETING_VERSION = 1.0;
				PRODUCT_BUNDLE_IDENTIFIER = "b-lass.TransfercalcioTests";
				PRODUCT_NAME = "$(TARGET_NAME)";
				SWIFT_EMIT_LOC_STRINGS = NO;
				SWIFT_VERSION = 5.0;
				TARGETED_DEVICE_FAMILY = "1,2";
				TEST_HOST = "$(BUILT_PRODUCTS_DIR)/Transfercalcio.app/Transfercalcio";
			};
			name = Debug;
		};
		B5C935592786FE5B00853AE4 /* Release */ = {
			isa = XCBuildConfiguration;
			baseConfigurationReference = FAFB2F744C0E9E7C133D9D8E /* Pods-TransfercalcioTests.release.xcconfig */;
			buildSettings = {
				ALWAYS_EMBED_SWIFT_STANDARD_LIBRARIES = YES;
				BUNDLE_LOADER = "$(TEST_HOST)";
				CODE_SIGN_STYLE = Automatic;
				CURRENT_PROJECT_VERSION = 1;
				DEVELOPMENT_TEAM = L7XKF6M92U;
				GENERATE_INFOPLIST_FILE = YES;
				IPHONEOS_DEPLOYMENT_TARGET = 15.2;
				MARKETING_VERSION = 1.0;
				PRODUCT_BUNDLE_IDENTIFIER = "b-lass.TransfercalcioTests";
				PRODUCT_NAME = "$(TARGET_NAME)";
				SWIFT_EMIT_LOC_STRINGS = NO;
				SWIFT_VERSION = 5.0;
				TARGETED_DEVICE_FAMILY = "1,2";
				TEST_HOST = "$(BUILT_PRODUCTS_DIR)/Transfercalcio.app/Transfercalcio";
			};
			name = Release;
		};
		B5C9355B2786FE5B00853AE4 /* Debug */ = {
			isa = XCBuildConfiguration;
			baseConfigurationReference = 2CF6D91ECBB7F03C7DB409CA /* Pods-Transfercalcio-TransfercalcioUITests.debug.xcconfig */;
			buildSettings = {
				ALWAYS_EMBED_SWIFT_STANDARD_LIBRARIES = YES;
				CODE_SIGN_STYLE = Automatic;
				CURRENT_PROJECT_VERSION = 1;
				DEVELOPMENT_TEAM = L7XKF6M92U;
				GENERATE_INFOPLIST_FILE = YES;
				MARKETING_VERSION = 1.0;
				PRODUCT_BUNDLE_IDENTIFIER = "b-lass.TransfercalcioUITests";
				PRODUCT_NAME = "$(TARGET_NAME)";
				SWIFT_EMIT_LOC_STRINGS = NO;
				SWIFT_VERSION = 5.0;
				TARGETED_DEVICE_FAMILY = "1,2";
				TEST_TARGET_NAME = Transfercalcio;
			};
			name = Debug;
		};
		B5C9355C2786FE5B00853AE4 /* Release */ = {
			isa = XCBuildConfiguration;
			baseConfigurationReference = 12ADADDA9EC75087CEA592A7 /* Pods-Transfercalcio-TransfercalcioUITests.release.xcconfig */;
			buildSettings = {
				ALWAYS_EMBED_SWIFT_STANDARD_LIBRARIES = YES;
				CODE_SIGN_STYLE = Automatic;
				CURRENT_PROJECT_VERSION = 1;
				DEVELOPMENT_TEAM = L7XKF6M92U;
				GENERATE_INFOPLIST_FILE = YES;
				MARKETING_VERSION = 1.0;
				PRODUCT_BUNDLE_IDENTIFIER = "b-lass.TransfercalcioUITests";
				PRODUCT_NAME = "$(TARGET_NAME)";
				SWIFT_EMIT_LOC_STRINGS = NO;
				SWIFT_VERSION = 5.0;
				TARGETED_DEVICE_FAMILY = "1,2";
				TEST_TARGET_NAME = Transfercalcio;
			};
			name = Release;
		};
/* End XCBuildConfiguration section */

/* Begin XCConfigurationList section */
		B5C9352B2786FE5A00853AE4 /* Build configuration list for PBXProject "Transfercalcio" */ = {
			isa = XCConfigurationList;
			buildConfigurations = (
				B5C935522786FE5B00853AE4 /* Debug */,
				B5C935532786FE5B00853AE4 /* Release */,
			);
			defaultConfigurationIsVisible = 0;
			defaultConfigurationName = Release;
		};
		B5C935542786FE5B00853AE4 /* Build configuration list for PBXNativeTarget "Transfercalcio" */ = {
			isa = XCConfigurationList;
			buildConfigurations = (
				B5C935552786FE5B00853AE4 /* Debug */,
				B5C935562786FE5B00853AE4 /* Release */,
			);
			defaultConfigurationIsVisible = 0;
			defaultConfigurationName = Release;
		};
		B5C935572786FE5B00853AE4 /* Build configuration list for PBXNativeTarget "TransfercalcioTests" */ = {
			isa = XCConfigurationList;
			buildConfigurations = (
				B5C935582786FE5B00853AE4 /* Debug */,
				B5C935592786FE5B00853AE4 /* Release */,
			);
			defaultConfigurationIsVisible = 0;
			defaultConfigurationName = Release;
		};
		B5C9355A2786FE5B00853AE4 /* Build configuration list for PBXNativeTarget "TransfercalcioUITests" */ = {
			isa = XCConfigurationList;
			buildConfigurations = (
				B5C9355B2786FE5B00853AE4 /* Debug */,
				B5C9355C2786FE5B00853AE4 /* Release */,
			);
			defaultConfigurationIsVisible = 0;
			defaultConfigurationName = Release;
		};
/* End XCConfigurationList section */
	};
	rootObject = B5C935282786FE5A00853AE4 /* Project object */;
}
